
Microsoft Visual Studio Solution File, Format Version 11.00
# Visual Studio 2010
Project("{8BC9CEB8-8B4A-11D0-8D11-00A0C91BC942}") = "MCIPlayer", "MCIPlayer.vcxproj", "{FB5D9C39-9E98-4C31-8E5B-7D36F8F0E95F}"
EndProject
Global
	GlobalSection(SolutionConfigurationPlatforms) = preSolution
		Debug|Win32 = Debug|Win32
		Release|Win32 = Release|Win32
	EndGlobalSection
	GlobalSection(ProjectConfigurationPlatforms) = postSolution
		{FB5D9C39-9E98-4C31-8E5B-7D36F8F0E95F}.Debug|Win32.ActiveCfg = Debug|Win32
		{FB5D9C39-9E98-4C31-8E5B-7D36F8F0E95F}.Debug|Win32.Build.0 = Debug|Win32
		{FB5D9C39-9E98-4C31-8E5B-7D36F8F0E95F}.Release|Win32.ActiveCfg = Release|Win32
		{FB5D9C39-9E98-4C31-8E5B-7D36F8F0E95F}.Release|Win32.Build.0 = Release|Win32
	EndGlobalSection
	GlobalSection(SolutionProperties) = preSolution
		HideSolutionNode = FALSE
	EndGlobalSection
EndGlobal
